
Microsoft Visual Studio Solution File, Format Version 12.00
# Visual Studio Version 16
VisualStudioVersion = 16.0.29709.97
MinimumVisualStudioVersion = 10.0.40219.1
Project("{9A19103F-16F7-4668-BE54-9A1E7A4F7556}") = "ContaCorrente.Business", "ContaCorrente.Business\ContaCorrente.Business.csproj", "{F8E18A87-5C58-468D-B5FA-ED408AA96087}"
EndProject
Project("{9A19103F-16F7-4668-BE54-9A1E7A4F7556}") = "ContaCorrente.Entity", "ContaCorrente.Entity\ContaCorrente.Entity.csproj", "{2DCAEEFF-CDE9-4F99-82DD-EC21D4B3B20F}"
EndProject
Project("{FAE04EC0-301F-11D3-BF4B-00C04F79EFBC}") = "ContaCorrente.API", "ContaCorrente.API\ContaCorrente.API.csproj", "{A2D93DD1-1C87-437F-9754-2182F415FBC2}"
EndProject
Project("{FAE04EC0-301F-11D3-BF4B-00C04F79EFBC}") = "ContaCorrente.Api.Tests", "ContaCorrente.Api.Tests\ContaCorrente.Api.Tests.csproj", "{35C9CB38-D2A6-4B94-A992-5DA951B17993}"
EndProject
Global
	GlobalSection(SolutionConfigurationPlatforms) = preSolution
		Debug|Any CPU = Debug|Any CPU
		Release|Any CPU = Release|Any CPU
	EndGlobalSection
	GlobalSection(ProjectConfigurationPlatforms) = postSolution
		{F8E18A87-5C58-468D-B5FA-ED408AA96087}.Debug|Any CPU.ActiveCfg = Debug|Any CPU
		{F8E18A87-5C58-468D-B5FA-ED408AA96087}.Debug|Any CPU.Build.0 = Debug|Any CPU
		{F8E18A87-5C58-468D-B5FA-ED408AA96087}.Release|Any CPU.ActiveCfg = Release|Any CPU
		{F8E18A87-5C58-468D-B5FA-ED408AA96087}.Release|Any CPU.Build.0 = Release|Any CPU
		{2DCAEEFF-CDE9-4F99-82DD-EC21D4B3B20F}.Debug|Any CPU.ActiveCfg = Debug|Any CPU
		{2DCAEEFF-CDE9-4F99-82DD-EC21D4B3B20F}.Debug|Any CPU.Build.0 = Debug|Any CPU
		{2DCAEEFF-CDE9-4F99-82DD-EC21D4B3B20F}.Release|Any CPU.ActiveCfg = Release|Any CPU
		{2DCAEEFF-CDE9-4F99-82DD-EC21D4B3B20F}.Release|Any CPU.Build.0 = Release|Any CPU
		{A2D93DD1-1C87-437F-9754-2182F415FBC2}.Debug|Any CPU.ActiveCfg = Debug|Any CPU
		{A2D93DD1-1C87-437F-9754-2182F415FBC2}.Debug|Any CPU.Build.0 = Debug|Any CPU
		{A2D93DD1-1C87-437F-9754-2182F415FBC2}.Release|Any CPU.ActiveCfg = Release|Any CPU
		{A2D93DD1-1C87-437F-9754-2182F415FBC2}.Release|Any CPU.Build.0 = Release|Any CPU
		{35C9CB38-D2A6-4B94-A992-5DA951B17993}.Debug|Any CPU.ActiveCfg = Debug|Any CPU
		{35C9CB38-D2A6-4B94-A992-5DA951B17993}.Debug|Any CPU.Build.0 = Debug|Any CPU
		{35C9CB38-D2A6-4B94-A992-5DA951B17993}.Release|Any CPU.ActiveCfg = Release|Any CPU
		{35C9CB38-D2A6-4B94-A992-5DA951B17993}.Release|Any CPU.Build.0 = Release|Any CPU
	EndGlobalSection
	GlobalSection(SolutionProperties) = preSolution
		HideSolutionNode = FALSE
	EndGlobalSection
	GlobalSection(ExtensibilityGlobals) = postSolution
		SolutionGuid = {836B0700-6706-4E0D-B82B-9CCE5884E58B}
	EndGlobalSection
EndGlobal
